
Microsoft Visual Studio Solution File, Format Version 12.00
# Visual Studio Version 17
VisualStudioVersion = 17.3.32901.215
MinimumVisualStudioVersion = 10.0.40219.1
Project("{FAE04EC0-301F-11D3-BF4B-00C04F79EFBC}") = "ahlkursodev2", "ahlkursodev2\ahlkursodev2.csproj", "{8355843A-6AFC-4C71-8016-07D65ACFD012}"
EndProject
Global
	GlobalSection(SolutionConfigurationPlatforms) = preSolution
		Debug|Any CPU = Debug|Any CPU
		Release|Any CPU = Release|Any CPU
	EndGlobalSection
	GlobalSection(ProjectConfigurationPlatforms) = postSolution
		{8355843A-6AFC-4C71-8016-07D65ACFD012}.Debug|Any CPU.ActiveCfg = Debug|Any CPU
		{8355843A-6AFC-4C71-8016-07D65ACFD012}.Debug|Any CPU.Build.0 = Debug|Any CPU
		{8355843A-6AFC-4C71-8016-07D65ACFD012}.Release|Any CPU.ActiveCfg = Release|Any CPU
		{8355843A-6AFC-4C71-8016-07D65ACFD012}.Release|Any CPU.Build.0 = Release|Any CPU
	EndGlobalSection
	GlobalSection(SolutionProperties) = preSolution
		HideSolutionNode = FALSE
	EndGlobalSection
	GlobalSection(ExtensibilityGlobals) = postSolution
		SolutionGuid = {2279B7EC-AE6A-40E2-B783-4D73DF9D4E74}
	EndGlobalSection
EndGlobal
